
Microsoft Visual Studio Solution File, Format Version 12.00
# Visual Studio Version 16
VisualStudioVersion = 16.0.30011.22
MinimumVisualStudioVersion = 10.0.40219.1
Project("{FAE04EC0-301F-11D3-BF4B-00C04F79EFBC}") = "lab15", "lab15\lab15.csproj", "{584D8EE9-2C36-435B-BE0C-910AFF6D50D9}"
EndProject
Global
	GlobalSection(SolutionConfigurationPlatforms) = preSolution
		Debug|Any CPU = Debug|Any CPU
		Release|Any CPU = Release|Any CPU
	EndGlobalSection
	GlobalSection(ProjectConfigurationPlatforms) = postSolution
		{584D8EE9-2C36-435B-BE0C-910AFF6D50D9}.Debug|Any CPU.ActiveCfg = Debug|Any CPU
		{584D8EE9-2C36-435B-BE0C-910AFF6D50D9}.Debug|Any CPU.Build.0 = Debug|Any CPU
		{584D8EE9-2C36-435B-BE0C-910AFF6D50D9}.Release|Any CPU.ActiveCfg = Release|Any CPU
		{584D8EE9-2C36-435B-BE0C-910AFF6D50D9}.Release|Any CPU.Build.0 = Release|Any CPU
	EndGlobalSection
	GlobalSection(SolutionProperties) = preSolution
		HideSolutionNode = FALSE
	EndGlobalSection
	GlobalSection(ExtensibilityGlobals) = postSolution
		SolutionGuid = {C91CE6E1-44CF-42FA-B422-95DD2A598C56}
	EndGlobalSection
EndGlobal
